
Microsoft Visual Studio Solution File, Format Version 12.00
# Visual Studio 15
VisualStudioVersion = 15.0.27130.2024
MinimumVisualStudioVersion = 10.0.40219.1
Project("{2150E333-8FDC-42A3-9474-1A3956D46DE8}") = "Chain", "Chain", "{4CCE4387-34FF-49E8-B364-D68337B00CF5}"
EndProject
Project("{2150E333-8FDC-42A3-9474-1A3956D46DE8}") = "Node", "Node", "{916A876D-7A5C-4771-8BF0-65D140B29B6A}"
EndProject
Project("{2150E333-8FDC-42A3-9474-1A3956D46DE8}") = "Facede", "Facede", "{8871C98E-6229-4416-AE8E-DBB491D73CEF}"
EndProject
Project("{2150E333-8FDC-42A3-9474-1A3956D46DE8}") = "Miner", "Miner", "{51E1A52E-DCE8-4CED-B1D0-265107E93C52}"
EndProject
Project("{2150E333-8FDC-42A3-9474-1A3956D46DE8}") = "Explorer", "Explorer", "{5A3FFE93-D5A2-4199-B812-EA62C4D3BECC}"
EndProject
Project("{FAE04EC0-301F-11D3-BF4B-00C04F79EFBC}") = "PlayChain.Chain", "PlayChain.Chain\PlayChain.Chain.csproj", "{DEAC5A0E-7D5F-4AC2-9899-795997867FFB}"
EndProject
Project("{2150E333-8FDC-42A3-9474-1A3956D46DE8}") = "Crypto", "Crypto", "{5FF39488-BEAD-45B7-945B-6EC4B41FE86E}"
EndProject
Global
	GlobalSection(SolutionConfigurationPlatforms) = preSolution
		Debug|Any CPU = Debug|Any CPU
		Release|Any CPU = Release|Any CPU
	EndGlobalSection
	GlobalSection(ProjectConfigurationPlatforms) = postSolution
		{DEAC5A0E-7D5F-4AC2-9899-795997867FFB}.Debug|Any CPU.ActiveCfg = Debug|Any CPU
		{DEAC5A0E-7D5F-4AC2-9899-795997867FFB}.Debug|Any CPU.Build.0 = Debug|Any CPU
		{DEAC5A0E-7D5F-4AC2-9899-795997867FFB}.Release|Any CPU.ActiveCfg = Release|Any CPU
		{DEAC5A0E-7D5F-4AC2-9899-795997867FFB}.Release|Any CPU.Build.0 = Release|Any CPU
	EndGlobalSection
	GlobalSection(SolutionProperties) = preSolution
		HideSolutionNode = FALSE
	EndGlobalSection
	GlobalSection(NestedProjects) = preSolution
		{DEAC5A0E-7D5F-4AC2-9899-795997867FFB} = {4CCE4387-34FF-49E8-B364-D68337B00CF5}
	EndGlobalSection
	GlobalSection(ExtensibilityGlobals) = postSolution
		SolutionGuid = {F0D6562E-DC2F-4130-8928-4845EDC9008D}
	EndGlobalSection
EndGlobal
