
Microsoft Visual Studio Solution File, Format Version 12.00
# Visual Studio 15
VisualStudioVersion = 15.0.27130.2024
MinimumVisualStudioVersion = 10.0.40219.1
Project("{2150E333-8FDC-42A3-9474-1A3956D46DE8}") = "Crypto", "Crypto", "{0824539F-107C-4DD7-B696-04EDD8452059}"
EndProject
Project("{2150E333-8FDC-42A3-9474-1A3956D46DE8}") = "Node", "Node", "{632B53A5-A8D5-4C3E-AC01-F26BC39A7972}"
EndProject
Project("{FAE04EC0-301F-11D3-BF4B-00C04F79EFBC}") = "PayChain.Node", "PayChain.Node\PayChain.Node.csproj", "{958C45F5-BDA7-4E3B-B6C6-767939394E5C}"
EndProject
Project("{2150E333-8FDC-42A3-9474-1A3956D46DE8}") = "Libs", "Libs", "{FAFA5258-8ED8-4FAA-AA05-C39F5FDD8D70}"
EndProject
Project("{FAE04EC0-301F-11D3-BF4B-00C04F79EFBC}") = "PlayChain.Node.NodeConfiguration", "PlayChain.Node.NodeConfiguration\PlayChain.Node.NodeConfiguration.csproj", "{B2562678-9B6C-4688-891A-DFFC7DE63C72}"
EndProject
Project("{FAE04EC0-301F-11D3-BF4B-00C04F79EFBC}") = "PlayChain.Node.Model", "PlayChain.Node.Model\PlayChain.Node.Model.csproj", "{46ED1CE0-B801-40D5-8F48-2AE37D92B0FB}"
EndProject
Project("{FAE04EC0-301F-11D3-BF4B-00C04F79EFBC}") = "PlayChain.Logic", "PlayChain.Logic\PlayChain.Logic.csproj", "{617FFF8B-04AD-491C-9E20-80D284252077}"
EndProject
Global
	GlobalSection(SolutionConfigurationPlatforms) = preSolution
		Debug|Any CPU = Debug|Any CPU
		Release|Any CPU = Release|Any CPU
	EndGlobalSection
	GlobalSection(ProjectConfigurationPlatforms) = postSolution
		{958C45F5-BDA7-4E3B-B6C6-767939394E5C}.Debug|Any CPU.ActiveCfg = Debug|Any CPU
		{958C45F5-BDA7-4E3B-B6C6-767939394E5C}.Debug|Any CPU.Build.0 = Debug|Any CPU
		{958C45F5-BDA7-4E3B-B6C6-767939394E5C}.Release|Any CPU.ActiveCfg = Release|Any CPU
		{958C45F5-BDA7-4E3B-B6C6-767939394E5C}.Release|Any CPU.Build.0 = Release|Any CPU
		{B2562678-9B6C-4688-891A-DFFC7DE63C72}.Debug|Any CPU.ActiveCfg = Debug|Any CPU
		{B2562678-9B6C-4688-891A-DFFC7DE63C72}.Debug|Any CPU.Build.0 = Debug|Any CPU
		{B2562678-9B6C-4688-891A-DFFC7DE63C72}.Release|Any CPU.ActiveCfg = Release|Any CPU
		{B2562678-9B6C-4688-891A-DFFC7DE63C72}.Release|Any CPU.Build.0 = Release|Any CPU
		{46ED1CE0-B801-40D5-8F48-2AE37D92B0FB}.Debug|Any CPU.ActiveCfg = Debug|Any CPU
		{46ED1CE0-B801-40D5-8F48-2AE37D92B0FB}.Debug|Any CPU.Build.0 = Debug|Any CPU
		{46ED1CE0-B801-40D5-8F48-2AE37D92B0FB}.Release|Any CPU.ActiveCfg = Release|Any CPU
		{46ED1CE0-B801-40D5-8F48-2AE37D92B0FB}.Release|Any CPU.Build.0 = Release|Any CPU
		{617FFF8B-04AD-491C-9E20-80D284252077}.Debug|Any CPU.ActiveCfg = Debug|Any CPU
		{617FFF8B-04AD-491C-9E20-80D284252077}.Debug|Any CPU.Build.0 = Debug|Any CPU
		{617FFF8B-04AD-491C-9E20-80D284252077}.Release|Any CPU.ActiveCfg = Release|Any CPU
		{617FFF8B-04AD-491C-9E20-80D284252077}.Release|Any CPU.Build.0 = Release|Any CPU
	EndGlobalSection
	GlobalSection(SolutionProperties) = preSolution
		HideSolutionNode = FALSE
	EndGlobalSection
	GlobalSection(NestedProjects) = preSolution
		{958C45F5-BDA7-4E3B-B6C6-767939394E5C} = {632B53A5-A8D5-4C3E-AC01-F26BC39A7972}
		{FAFA5258-8ED8-4FAA-AA05-C39F5FDD8D70} = {632B53A5-A8D5-4C3E-AC01-F26BC39A7972}
		{B2562678-9B6C-4688-891A-DFFC7DE63C72} = {FAFA5258-8ED8-4FAA-AA05-C39F5FDD8D70}
		{46ED1CE0-B801-40D5-8F48-2AE37D92B0FB} = {FAFA5258-8ED8-4FAA-AA05-C39F5FDD8D70}
		{617FFF8B-04AD-491C-9E20-80D284252077} = {FAFA5258-8ED8-4FAA-AA05-C39F5FDD8D70}
	EndGlobalSection
	GlobalSection(ExtensibilityGlobals) = postSolution
		SolutionGuid = {F0D6562E-DC2F-4130-8928-4845EDC9008D}
	EndGlobalSection
EndGlobal
